{
  "nodes": {
    "elisp-autofmt": {
      "flake": false,
      "locked": {
        "lastModified": 1686575596,
        "narHash": "sha256-/lYLAHpaz1CnSxSMG4g7ir3+EbdowUhnjZofxPV807s=",
        "ref": "refs/heads/main",
        "rev": "9e10b3eeb9a9a85d38cb922322ab72f672dac493",
        "revCount": 277,
        "type": "git",
        "url": "https://codeberg.org/ideasman42/emacs-elisp-autofmt.git"
      },
      "original": {
        "type": "git",
        "url": "https://codeberg.org/ideasman42/emacs-elisp-autofmt.git"
      }
    },
    "emacs-overlay": {
      "inputs": {
        "flake-utils": "flake-utils",
        "nixpkgs": "nixpkgs",
        "nixpkgs-stable": "nixpkgs-stable"
      },
      "locked": {
        "lastModified": 1686967317,
        "narHash": "sha256-L9pzRhMrkWrkj6mswfFE7GpjQWJiV6pEgbTM6TcxERI=",
        "owner": "nix-community",
        "repo": "emacs-overlay",
        "rev": "1ab94d15a82c3e4bd295f3efa8f5145b18e0d6ff",
        "type": "github"
      },
      "original": {
        "owner": "nix-community",
        "repo": "emacs-overlay",
        "type": "github"
      }
    },
    "flake-utils": {
      "inputs": {
        "systems": "systems"
      },
      "locked": {
        "lastModified": 1685518550,
        "narHash": "sha256-o2d0KcvaXzTrPRIo0kOLV0/QXHhDQ5DTi+OxcjO8xqY=",
        "owner": "numtide",
        "repo": "flake-utils",
        "rev": "a1720a10a6cfe8234c0e93907ffe81be440f4cef",
        "type": "github"
      },
      "original": {
        "owner": "numtide",
        "repo": "flake-utils",
        "type": "github"
      }
    },
    "flake-utils_2": {
      "inputs": {
        "systems": "systems_2"
      },
      "locked": {
        "lastModified": 1685518550,
        "narHash": "sha256-o2d0KcvaXzTrPRIo0kOLV0/QXHhDQ5DTi+OxcjO8xqY=",
        "owner": "numtide",
        "repo": "flake-utils",
        "rev": "a1720a10a6cfe8234c0e93907ffe81be440f4cef",
        "type": "github"
      },
      "original": {
        "owner": "numtide",
        "repo": "flake-utils",
        "type": "github"
      }
    },
    "jc-themes": {
      "flake": false,
      "locked": {
        "lastModified": 1676608501,
        "narHash": "sha256-aGAiHzHXZvgKEECtoL5eHJxZp1iutIKuMNt3g6/M5kU=",
        "owner": "andreoss",
        "repo": "jc-themes",
        "rev": "1f73e0e20983aaa8261e9d861869f6bbcd77c65e",
        "type": "gitlab"
      },
      "original": {
        "owner": "andreoss",
        "ref": "master",
        "repo": "jc-themes",
        "type": "gitlab"
      }
    },
    "nixpkgs": {
      "locked": {
        "lastModified": 1686869522,
        "narHash": "sha256-tbJ9B8WLCTnVP/LwESRlg0dII6Zyg2LmUU/mB9Lu98E=",
        "owner": "NixOS",
        "repo": "nixpkgs",
        "rev": "7c67f006ea0e7d0265f16d7df07cc076fdffd91f",
        "type": "github"
      },
      "original": {
        "owner": "NixOS",
        "ref": "nixos-unstable",
        "repo": "nixpkgs",
        "type": "github"
      }
    },
    "nixpkgs-stable": {
      "locked": {
        "lastModified": 1686921029,
        "narHash": "sha256-J1bX9plPCFhTSh6E3TWn9XSxggBh/zDD4xigyaIQBy8=",
        "owner": "NixOS",
        "repo": "nixpkgs",
        "rev": "c7ff1b9b95620ce8728c0d7bd501c458e6da9e04",
        "type": "github"
      },
      "original": {
        "owner": "NixOS",
        "ref": "nixos-23.05",
        "repo": "nixpkgs",
        "type": "github"
      }
    },
    "nixpkgs_2": {
      "locked": {
        "lastModified": 1686869522,
        "narHash": "sha256-tbJ9B8WLCTnVP/LwESRlg0dII6Zyg2LmUU/mB9Lu98E=",
        "owner": "nixos",
        "repo": "nixpkgs",
        "rev": "7c67f006ea0e7d0265f16d7df07cc076fdffd91f",
        "type": "github"
      },
      "original": {
        "owner": "nixos",
        "ref": "nixos-unstable",
        "repo": "nixpkgs",
        "type": "github"
      }
    },
    "root": {
      "inputs": {
        "elisp-autofmt": "elisp-autofmt",
        "emacs-overlay": "emacs-overlay",
        "flake-utils": "flake-utils_2",
        "jc-themes": "jc-themes",
        "nixpkgs": "nixpkgs_2"
      }
    },
    "systems": {
      "locked": {
        "lastModified": 1681028828,
        "narHash": "sha256-Vy1rq5AaRuLzOxct8nz4T6wlgyUR7zLU309k9mBC768=",
        "owner": "nix-systems",
        "repo": "default",
        "rev": "da67096a3b9bf56a91d16901293e51ba5b49a27e",
        "type": "github"
      },
      "original": {
        "owner": "nix-systems",
        "repo": "default",
        "type": "github"
      }
    },
    "systems_2": {
      "locked": {
        "lastModified": 1681028828,
        "narHash": "sha256-Vy1rq5AaRuLzOxct8nz4T6wlgyUR7zLU309k9mBC768=",
        "owner": "nix-systems",
        "repo": "default",
        "rev": "da67096a3b9bf56a91d16901293e51ba5b49a27e",
        "type": "github"
      },
      "original": {
        "owner": "nix-systems",
        "repo": "default",
        "type": "github"
      }
    }
  },
  "root": "root",
  "version": 7
}
