{
  "nodes": {
    "elisp-autofmt": {
      "flake": false,
      "locked": {
        "lastModified": 1741866110,
        "narHash": "sha256-pY1fcXNSAdGfCDt7y0XTeo2lj8zC8VN86HFCgKgfFSk=",
        "ref": "refs/heads/main",
        "rev": "c898c2b8bf3bf97cd6a2c6cbf78cffc7fa1a0a5f",
        "revCount": 304,
        "type": "git",
        "url": "https://codeberg.org/ideasman42/emacs-elisp-autofmt.git"
      },
      "original": {
        "type": "git",
        "url": "https://codeberg.org/ideasman42/emacs-elisp-autofmt.git"
      }
    },
    "emacs-overlay": {
      "inputs": {
        "nixpkgs": "nixpkgs",
        "nixpkgs-stable": "nixpkgs-stable"
      },
      "locked": {
        "lastModified": 1742307032,
        "narHash": "sha256-Qt1yqpH4K1SJymFTrnFLr0woH8HopWDLcJ4Wx8FSO1s=",
        "owner": "nix-community",
        "repo": "emacs-overlay",
        "rev": "ecaf1d4d12cd4a6007bc73674d3398aa806c3993",
        "type": "github"
      },
      "original": {
        "owner": "nix-community",
        "repo": "emacs-overlay",
        "type": "github"
      }
    },
    "flake-utils": {
      "inputs": {
        "systems": "systems"
      },
      "locked": {
        "lastModified": 1731533236,
        "narHash": "sha256-l0KFg5HjrsfsO/JpG+r7fRrqm12kzFHyUHqHCVpMMbI=",
        "owner": "numtide",
        "repo": "flake-utils",
        "rev": "11707dc2f618dd54ca8739b309ec4fc024de578b",
        "type": "github"
      },
      "original": {
        "owner": "numtide",
        "repo": "flake-utils",
        "type": "github"
      }
    },
    "jc-themes": {
      "flake": false,
      "locked": {
        "lastModified": 1676608501,
        "narHash": "sha256-aGAiHzHXZvgKEECtoL5eHJxZp1iutIKuMNt3g6/M5kU=",
        "owner": "andreoss",
        "repo": "jc-themes",
        "rev": "1f73e0e20983aaa8261e9d861869f6bbcd77c65e",
        "type": "gitlab"
      },
      "original": {
        "owner": "andreoss",
        "ref": "master",
        "repo": "jc-themes",
        "type": "gitlab"
      }
    },
    "nixpkgs": {
      "locked": {
        "lastModified": 1742069588,
        "narHash": "sha256-C7jVfohcGzdZRF6DO+ybyG/sqpo1h6bZi9T56sxLy+k=",
        "owner": "NixOS",
        "repo": "nixpkgs",
        "rev": "c80f6a7e10b39afcc1894e02ef785b1ad0b0d7e5",
        "type": "github"
      },
      "original": {
        "owner": "NixOS",
        "ref": "nixos-unstable",
        "repo": "nixpkgs",
        "type": "github"
      }
    },
    "nixpkgs-stable": {
      "locked": {
        "lastModified": 1742268799,
        "narHash": "sha256-IhnK4LhkBlf14/F8THvUy3xi/TxSQkp9hikfDZRD4Ic=",
        "owner": "NixOS",
        "repo": "nixpkgs",
        "rev": "da044451c6a70518db5b730fe277b70f494188f1",
        "type": "github"
      },
      "original": {
        "owner": "NixOS",
        "ref": "nixos-24.11",
        "repo": "nixpkgs",
        "type": "github"
      }
    },
    "nixpkgs_2": {
      "locked": {
        "lastModified": 1742069588,
        "narHash": "sha256-C7jVfohcGzdZRF6DO+ybyG/sqpo1h6bZi9T56sxLy+k=",
        "owner": "nixos",
        "repo": "nixpkgs",
        "rev": "c80f6a7e10b39afcc1894e02ef785b1ad0b0d7e5",
        "type": "github"
      },
      "original": {
        "owner": "nixos",
        "ref": "nixos-unstable",
        "repo": "nixpkgs",
        "type": "github"
      }
    },
    "root": {
      "inputs": {
        "elisp-autofmt": "elisp-autofmt",
        "emacs-overlay": "emacs-overlay",
        "flake-utils": "flake-utils",
        "jc-themes": "jc-themes",
        "nixpkgs": "nixpkgs_2"
      }
    },
    "systems": {
      "locked": {
        "lastModified": 1681028828,
        "narHash": "sha256-Vy1rq5AaRuLzOxct8nz4T6wlgyUR7zLU309k9mBC768=",
        "owner": "nix-systems",
        "repo": "default",
        "rev": "da67096a3b9bf56a91d16901293e51ba5b49a27e",
        "type": "github"
      },
      "original": {
        "owner": "nix-systems",
        "repo": "default",
        "type": "github"
      }
    }
  },
  "root": "root",
  "version": 7
}
